
Microsoft Visual Studio Solution File, Format Version 12.00
# Visual Studio Version 17
VisualStudioVersion = 17.8.34309.116
MinimumVisualStudioVersion = 10.0.40219.1
Project("{FAE04EC0-301F-11D3-BF4B-00C04F79EFBC}") = "AirlineTicketingSystem", "AirlineTicketingSystem\AirlineTicketingSystem.csproj", "{0774546F-8539-40B1-A408-0F248F6247A2}"
EndProject
Global
	GlobalSection(SolutionConfigurationPlatforms) = preSolution
		Debug|Any CPU = Debug|Any CPU
		Release|Any CPU = Release|Any CPU
	EndGlobalSection
	GlobalSection(ProjectConfigurationPlatforms) = postSolution
		{0774546F-8539-40B1-A408-0F248F6247A2}.Debug|Any CPU.ActiveCfg = Debug|Any CPU
		{0774546F-8539-40B1-A408-0F248F6247A2}.Debug|Any CPU.Build.0 = Debug|Any CPU
		{0774546F-8539-40B1-A408-0F248F6247A2}.Release|Any CPU.ActiveCfg = Release|Any CPU
		{0774546F-8539-40B1-A408-0F248F6247A2}.Release|Any CPU.Build.0 = Release|Any CPU
	EndGlobalSection
	GlobalSection(SolutionProperties) = preSolution
		HideSolutionNode = FALSE
	EndGlobalSection
	GlobalSection(ExtensibilityGlobals) = postSolution
		SolutionGuid = {7AEE178B-7BBF-4ABB-9731-8B259C1AF530}
	EndGlobalSection
EndGlobal
